{
  "R": {
    "Version": "4.1.2",
    "Repositories": [
      {
        "Name": "RSPM",
        "URL": "https://colorado.rstudio.com/rspm/all/2021-11-12+MTc6NTg4NzczOSwxMDo1MzA5LDk6NTk2NTg0NTsyNENERDc2OQ"
      }
    ]
  },
  "Packages": {
    "renv": {
      "Package": "renv",
      "Version": "0.14.0",
      "Source": "Repository",
      "Repository": "RSPM",
      "Hash": "30e5eba91b67f7f4d75d31de14bbfbdc"
    }
  }
}
